
Microsoft Visual Studio Solution File, Format Version 12.00
# Visual Studio 15
VisualStudioVersion = 15.0.28307.271
MinimumVisualStudioVersion = 10.0.40219.1
Project("{FAE04EC0-301F-11D3-BF4B-00C04F79EFBC}") = "Tic Tac Toe Game", "Tic Tac Toe Game.csproj", "{D82A5F7D-4FEB-4F83-AA1C-515D45CA5FA2}"
EndProject
Global
	GlobalSection(SolutionConfigurationPlatforms) = preSolution
		Debug|Any CPU = Debug|Any CPU
		Release|Any CPU = Release|Any CPU
	EndGlobalSection
	GlobalSection(ProjectConfigurationPlatforms) = postSolution
		{D82A5F7D-4FEB-4F83-AA1C-515D45CA5FA2}.Debug|Any CPU.ActiveCfg = Debug|Any CPU
		{D82A5F7D-4FEB-4F83-AA1C-515D45CA5FA2}.Debug|Any CPU.Build.0 = Debug|Any CPU
		{D82A5F7D-4FEB-4F83-AA1C-515D45CA5FA2}.Release|Any CPU.ActiveCfg = Release|Any CPU
		{D82A5F7D-4FEB-4F83-AA1C-515D45CA5FA2}.Release|Any CPU.Build.0 = Release|Any CPU
	EndGlobalSection
	GlobalSection(SolutionProperties) = preSolution
		HideSolutionNode = FALSE
	EndGlobalSection
	GlobalSection(ExtensibilityGlobals) = postSolution
		SolutionGuid = {FA7E5A0C-8F12-4FEF-ADA8-7D68F584549F}
	EndGlobalSection
EndGlobal
